
Microsoft Visual Studio Solution File, Format Version 12.00
# Visual Studio 14
VisualStudioVersion = 14.0.25420.1
MinimumVisualStudioVersion = 10.0.40219.1
Project("{FAE04EC0-301F-11D3-BF4B-00C04F79EFBC}") = "object-oriented-basics", "object-oriented-basics\object-oriented-basics.csproj", "{832CDFC6-6774-4738-84FB-63738BF53B3B}"
EndProject
Global
	GlobalSection(SolutionConfigurationPlatforms) = preSolution
		Debug|Any CPU = Debug|Any CPU
		Release|Any CPU = Release|Any CPU
	EndGlobalSection
	GlobalSection(ProjectConfigurationPlatforms) = postSolution
		{832CDFC6-6774-4738-84FB-63738BF53B3B}.Debug|Any CPU.ActiveCfg = Debug|Any CPU
		{832CDFC6-6774-4738-84FB-63738BF53B3B}.Debug|Any CPU.Build.0 = Debug|Any CPU
		{832CDFC6-6774-4738-84FB-63738BF53B3B}.Release|Any CPU.ActiveCfg = Release|Any CPU
		{832CDFC6-6774-4738-84FB-63738BF53B3B}.Release|Any CPU.Build.0 = Release|Any CPU
	EndGlobalSection
	GlobalSection(SolutionProperties) = preSolution
		HideSolutionNode = FALSE
	EndGlobalSection
EndGlobal
